
Microsoft Visual Studio Solution File, Format Version 12.00
# Visual Studio Version 16
VisualStudioVersion = 16.0.31105.61
MinimumVisualStudioVersion = 10.0.40219.1
Project("{FAE04EC0-301F-11D3-BF4B-00C04F79EFBC}") = "Kahbazi.AspNetCore.Session", "Kahbazi.AspNetCore.Session\Kahbazi.AspNetCore.Session.csproj", "{632BAE14-E288-4F4C-A52E-253E9803D1A6}"
EndProject
Global
	GlobalSection(SolutionConfigurationPlatforms) = preSolution
		Debug|Any CPU = Debug|Any CPU
		Release|Any CPU = Release|Any CPU
	EndGlobalSection
	GlobalSection(ProjectConfigurationPlatforms) = postSolution
		{632BAE14-E288-4F4C-A52E-253E9803D1A6}.Debug|Any CPU.ActiveCfg = Debug|Any CPU
		{632BAE14-E288-4F4C-A52E-253E9803D1A6}.Debug|Any CPU.Build.0 = Debug|Any CPU
		{632BAE14-E288-4F4C-A52E-253E9803D1A6}.Release|Any CPU.ActiveCfg = Release|Any CPU
		{632BAE14-E288-4F4C-A52E-253E9803D1A6}.Release|Any CPU.Build.0 = Release|Any CPU
	EndGlobalSection
	GlobalSection(SolutionProperties) = preSolution
		HideSolutionNode = FALSE
	EndGlobalSection
	GlobalSection(ExtensibilityGlobals) = postSolution
		SolutionGuid = {8BB8BE66-B6A7-41E6-B636-D92036C11916}
	EndGlobalSection
EndGlobal
